
Microsoft Visual Studio Solution File, Format Version 12.00
# Visual Studio Version 17
VisualStudioVersion = 17.0.31903.59
MinimumVisualStudioVersion = 10.0.40219.1
Project("{FAE04EC0-301F-11D3-BF4B-00C04F79EFBC}") = "Consumer", "Consumer\Consumer.csproj", "{87AE2214-F827-4BAD-8A8D-10C74FA6D248}"
EndProject
Project("{FAE04EC0-301F-11D3-BF4B-00C04F79EFBC}") = "Publisher", "Publisher\Publisher.csproj", "{64B89753-50D2-4490-9AFC-314828EFE465}"
EndProject
Project("{2150E333-8FDC-42A3-9474-1A3956D46DE8}") = "emulator", "emulator", "{02EA681E-C7D8-13C7-8484-4AC65E1B71E8}"
	ProjectSection(SolutionItems) = preProject
		emulator\.env = emulator\.env
		emulator\config.json = emulator\config.json
		emulator\docker-compose.yaml = emulator\docker-compose.yaml
	EndProjectSection
EndProject
Global
	GlobalSection(SolutionConfigurationPlatforms) = preSolution
		Debug|Any CPU = Debug|Any CPU
		Debug|x64 = Debug|x64
		Debug|x86 = Debug|x86
		Release|Any CPU = Release|Any CPU
		Release|x64 = Release|x64
		Release|x86 = Release|x86
	EndGlobalSection
	GlobalSection(ProjectConfigurationPlatforms) = postSolution
		{87AE2214-F827-4BAD-8A8D-10C74FA6D248}.Debug|Any CPU.ActiveCfg = Debug|Any CPU
		{87AE2214-F827-4BAD-8A8D-10C74FA6D248}.Debug|Any CPU.Build.0 = Debug|Any CPU
		{87AE2214-F827-4BAD-8A8D-10C74FA6D248}.Debug|x64.ActiveCfg = Debug|Any CPU
		{87AE2214-F827-4BAD-8A8D-10C74FA6D248}.Debug|x64.Build.0 = Debug|Any CPU
		{87AE2214-F827-4BAD-8A8D-10C74FA6D248}.Debug|x86.ActiveCfg = Debug|Any CPU
		{87AE2214-F827-4BAD-8A8D-10C74FA6D248}.Debug|x86.Build.0 = Debug|Any CPU
		{87AE2214-F827-4BAD-8A8D-10C74FA6D248}.Release|Any CPU.ActiveCfg = Release|Any CPU
		{87AE2214-F827-4BAD-8A8D-10C74FA6D248}.Release|Any CPU.Build.0 = Release|Any CPU
		{87AE2214-F827-4BAD-8A8D-10C74FA6D248}.Release|x64.ActiveCfg = Release|Any CPU
		{87AE2214-F827-4BAD-8A8D-10C74FA6D248}.Release|x64.Build.0 = Release|Any CPU
		{87AE2214-F827-4BAD-8A8D-10C74FA6D248}.Release|x86.ActiveCfg = Release|Any CPU
		{87AE2214-F827-4BAD-8A8D-10C74FA6D248}.Release|x86.Build.0 = Release|Any CPU
		{64B89753-50D2-4490-9AFC-314828EFE465}.Debug|Any CPU.ActiveCfg = Debug|Any CPU
		{64B89753-50D2-4490-9AFC-314828EFE465}.Debug|Any CPU.Build.0 = Debug|Any CPU
		{64B89753-50D2-4490-9AFC-314828EFE465}.Debug|x64.ActiveCfg = Debug|Any CPU
		{64B89753-50D2-4490-9AFC-314828EFE465}.Debug|x64.Build.0 = Debug|Any CPU
		{64B89753-50D2-4490-9AFC-314828EFE465}.Debug|x86.ActiveCfg = Debug|Any CPU
		{64B89753-50D2-4490-9AFC-314828EFE465}.Debug|x86.Build.0 = Debug|Any CPU
		{64B89753-50D2-4490-9AFC-314828EFE465}.Release|Any CPU.ActiveCfg = Release|Any CPU
		{64B89753-50D2-4490-9AFC-314828EFE465}.Release|Any CPU.Build.0 = Release|Any CPU
		{64B89753-50D2-4490-9AFC-314828EFE465}.Release|x64.ActiveCfg = Release|Any CPU
		{64B89753-50D2-4490-9AFC-314828EFE465}.Release|x64.Build.0 = Release|Any CPU
		{64B89753-50D2-4490-9AFC-314828EFE465}.Release|x86.ActiveCfg = Release|Any CPU
		{64B89753-50D2-4490-9AFC-314828EFE465}.Release|x86.Build.0 = Release|Any CPU
	EndGlobalSection
	GlobalSection(SolutionProperties) = preSolution
		HideSolutionNode = FALSE
	EndGlobalSection
	GlobalSection(ExtensibilityGlobals) = postSolution
		SolutionGuid = {6E614D5F-32A0-4368-998D-710B5A040B8F}
	EndGlobalSection
EndGlobal
